
Microsoft Visual Studio Solution File, Format Version 12.00
# Visual Studio Version 17
VisualStudioVersion = 17.14.36414.22 d17.14
MinimumVisualStudioVersion = 10.0.40219.1
Project("{FAE04EC0-301F-11D3-BF4B-00C04F79EFBC}") = "BinarySearchGuessingGame", "BinarySearchGuessingGame\BinarySearchGuessingGame.csproj", "{9B125861-9613-4713-8459-D5D9D7608599}"
EndProject
Global
	GlobalSection(SolutionConfigurationPlatforms) = preSolution
		Debug|Any CPU = Debug|Any CPU
		Release|Any CPU = Release|Any CPU
	EndGlobalSection
	GlobalSection(ProjectConfigurationPlatforms) = postSolution
		{9B125861-9613-4713-8459-D5D9D7608599}.Debug|Any CPU.ActiveCfg = Debug|Any CPU
		{9B125861-9613-4713-8459-D5D9D7608599}.Debug|Any CPU.Build.0 = Debug|Any CPU
		{9B125861-9613-4713-8459-D5D9D7608599}.Release|Any CPU.ActiveCfg = Release|Any CPU
		{9B125861-9613-4713-8459-D5D9D7608599}.Release|Any CPU.Build.0 = Release|Any CPU
	EndGlobalSection
	GlobalSection(SolutionProperties) = preSolution
		HideSolutionNode = FALSE
	EndGlobalSection
	GlobalSection(ExtensibilityGlobals) = postSolution
		SolutionGuid = {D86208A1-489F-4ED7-8D09-46B0B2645C85}
	EndGlobalSection
EndGlobal
