
Microsoft Visual Studio Solution File, Format Version 12.00
# Visual Studio Version 17
VisualStudioVersion = 17.14.36414.22 d17.14
MinimumVisualStudioVersion = 10.0.40219.1
Project("{FAE04EC0-301F-11D3-BF4B-00C04F79EFBC}") = "DependencyInjectionImplementation", "DependencyInjectionImplementation\DependencyInjectionImplementation.csproj", "{CA9E4287-ED22-4F21-B799-5EC44E910A42}"
EndProject
Global
	GlobalSection(SolutionConfigurationPlatforms) = preSolution
		Debug|Any CPU = Debug|Any CPU
		Release|Any CPU = Release|Any CPU
	EndGlobalSection
	GlobalSection(ProjectConfigurationPlatforms) = postSolution
		{CA9E4287-ED22-4F21-B799-5EC44E910A42}.Debug|Any CPU.ActiveCfg = Debug|Any CPU
		{CA9E4287-ED22-4F21-B799-5EC44E910A42}.Debug|Any CPU.Build.0 = Debug|Any CPU
		{CA9E4287-ED22-4F21-B799-5EC44E910A42}.Release|Any CPU.ActiveCfg = Release|Any CPU
		{CA9E4287-ED22-4F21-B799-5EC44E910A42}.Release|Any CPU.Build.0 = Release|Any CPU
	EndGlobalSection
	GlobalSection(SolutionProperties) = preSolution
		HideSolutionNode = FALSE
	EndGlobalSection
	GlobalSection(ExtensibilityGlobals) = postSolution
		SolutionGuid = {1AAC80F4-DC7B-4B3E-992E-FDDAF96C530C}
	EndGlobalSection
EndGlobal
